%{
  "cowboy": {:git, "https://github.com/emqx/cowboy.git", "b89d4689a04149b1a4a3641280aa5c5643f921b2", [tag: "2.8.2"]},
  "cowlib": {:hex, :cowlib, "2.11.0", "0b9ff9c346629256c42ebe1eeb769a83c6cb771a6ee5960bd110ab0b9b872063", [:make, :rebar3], [], "hexpm", "2b3e9da0b21c4565751a6d4901c20d1b4cc25cbb7fd50d91d2ab6dd287bc86a9"},
  "cuttlefish": {:git, "https://github.com/emqx/cuttlefish.git", "1180224fb60d87ef41307c949453248d4ebef761", []},
  "ecpool": {:git, "https://github.com/emqx/ecpool.git", "0516d2cebd14654ef8c583c347e4a0b01363b86d", [tag: "0.5.1"]},
  "eetcd": {:hex, :eetcd, "0.3.4", "27e8b4775230c53a9ef602f62a1603591302b40b2eb195d567edffb35b6cf1a2", [:rebar3], [{:gun, "1.3.3", [hex: :gun, repo: "hexpm", optional: false]}], "hexpm", "b763c0e1a9741d39a62f5a19186a342863eacbc769151c4e81db5790efecefca"},
  "ehttpc": {:git, "https://github.com/emqx/ehttpc.git", "ac4b513382bab731e91f90e0b70917577f8ddca0", [tag: "0.1.6"]},
  "ekka": {:git, "https://github.com/emqx/ekka.git", "103d7d3c49a040010a8b95ba029b882e570edf8c", [tag: "0.9.0"]},
  "emqtt": {:git, "https://github.com/emqx/emqtt.git", "9e867b1fcaadbfcce45ea75d3721f982907ae417", [tag: "v1.2.3"]},
  "esockd": {:git, "https://github.com/emqx/esockd.git", "9b959fc11a1c398a589892f335235be6c5b4a454", [tag: "5.8.0"]},
  "estatsd": {:git, "https://github.com/emqx/estatsd.git", "5184d846b7ecb83509bd4d32695c60428c0198cd", [tag: "0.1.0"]},
  "gen_coap": {:git, "https://github.com/emqx/gen_coap.git", "9bf5e7f795badf68e2fb4eb226f576308f5b1bb4", [tag: "v0.3.2"]},
  "gen_rpc": {:git, "https://github.com/emqx/gen_rpc.git", "fb7418dc8cf7e97d153fba073bee0fac07dce753", [tag: "2.5.1"]},
  "getopt": {:git, "https://github.com/emqx/getopt.git", "215f2083408e1fe562d441aea6062bf5d9e1fb67", [tag: "v1.0.2"]},
  "gpb": {:hex, :gpb, "4.18.0", "305548ad991583f4b9809e905d6a17475ab8df85116cb3c1269fda1e4424c7ea", [:make, :rebar3], [], "hexpm", "c2bb843866e627e1e0181c2f5e4b3ee79cbb8cd3574f66767e7f1d5130d6b025"},
  "gproc": {:hex, :gproc, "0.9.0", "853ccb7805e9ada25d227a157ba966f7b34508f386a3e7e21992b1b484230699", [:rebar3], [], "hexpm", "587e8af698ccd3504cf4ba8d90f893ede2b0f58cabb8a916e2bf9321de3cf10b"},
  "grpc": {:git, "https://github.com/emqx/grpc-erl.git", "f8ba39eb075fb2a7f370563045d5e5d0914f2703", [tag: "0.6.2"]},
  "gun": {:git, "https://github.com/emqx/gun.git", "e1b5e14139e2a936ad6561bf960f70f1e80b81e2", [tag: "1.3.4"]},
  "hocon": {:git, "https://github.com/emqx/hocon.git", "ff4d2205ec8a14f96f30bcee0adaca30d2d487f1", []},
  "jiffy": {:git, "https://github.com/emqx/jiffy.git", "baa1f4e750ae3c5c9e54f9c2e52280b7fc24a8d9", [tag: "1.0.5"]},
  "jose": {:hex, :jose, "1.11.1", "59da64010c69aad6cde2f5b9248b896b84472e99bd18f246085b7b9fe435dcdb", [:mix, :rebar3], [], "hexpm", "078f6c9fb3cd2f4cfafc972c814261a7d1e8d2b3685c0a76eb87e158efff1ac5"},
  "jsx": {:hex, :jsx, "3.1.0", "d12516baa0bb23a59bb35dccaf02a1bd08243fcbb9efe24f2d9d056ccff71268", [:rebar3], [], "hexpm", "0c5cc8fdc11b53cc25cf65ac6705ad39e54ecc56d1c22e4adb8f5a53fb9427f3"},
  "luerl": {:git, "https://github.com/rvirding/luerl.git", "fc668ef337b04ca2aee83c648cf6853dab8babe6", []},
  "lwm2m_coap": {:git, "https://github.com/emqx/lwm2m-coap.git", "258e9bd3762124395e83c1e68a1583b84718230f", [tag: "v1.1.2"]},
  "minirest": {:git, "https://github.com/emqx/minirest.git", "d7a4a8080cae4a9299f221ce16cfb90bd7d80697", [tag: "0.3.5"]},
  "mysql": {:git, "https://github.com/emqx/mysql-otp.git", "bdabac44cc8836a9e23897b7e1b77c7df7e04f70", [tag: "1.7.1"]},
  "pbkdf2": {:git, "https://github.com/emqx/erlang-pbkdf2.git", "45d9981209ea07a83a58cf85aaf8236457da4342", [tag: "2.0.4"]},
  "poolboy": {:git, "https://github.com/emqx/poolboy.git", "29be47db8c2be38b18c908e43a80ebb7b9b6116b", [tag: "1.5.2"]},
  "prometheus": {:git, "https://github.com/emqx/prometheus.erl.git", "a41488df09472448057d264ef520cf2f71d925f8", [tag: "v3.1.1"]},
  "ranch": {:git, "https://github.com/ninenines/ranch", "3190aef88aea04d6dce8545fe9b4574288903f44", [tag: "1.7.1"]},
  "recon": {:hex, :recon, "2.5.1", "430ffa60685ac1efdfb1fe4c97b8767c92d0d92e6e7c3e8621559ba77598678a", [:mix, :rebar3], [], "hexpm", "5721c6b6d50122d8f68cccac712caa1231f97894bab779eff5ff0f886cb44648"},
  "snabbkaffe": {:git, "https://github.com/kafka4beam/snabbkaffe.git", "2f2f6ad09b97e33ba66b195665cef17d04598abd", [tag: "0.13.0"]},
  "ssl_verify_fun": {:git, "https://github.com/deadtrickster/ssl_verify_fun.erl.git", "c5718226b0b9f3d1a38ef6ca3c3b4c75f53dda92", [tag: "1.1.4"]},
  "typerefl": {:git, "https://github.com/k32/typerefl.git", "a1fdd359741a7f58498a6682eb608ff77939b22e", [tag: "0.6.2"]},
}
