{"1.1.0",
[{<<"acceptor_pool">>,{pkg,<<"acceptor_pool">>,<<"1.0.0">>},1},
 {<<"bcrypt">>,
  {git,"https://github.com/emqx/erlang-bcrypt.git",
       {ref,"dc2ba66acf2332c111362d01137746eefecc5e90"}},
  0},
 {<<"bson">>,
  {git,"https://github.com/comtihon/bson-erlang.git",
       {ref,"14308ab927cfa69324742c3de720578094e0bb19"}},
  1},
 {<<"chatterbox">>,{pkg,<<"ts_chatterbox">>,<<"0.9.1">>},1},
 {<<"cowboy">>,
  {git,"https://github.com/emqx/cowboy",
       {ref,"3b6bdaf4f2e3c5b793a0c3cada2c3b74c3d5e885"}},
  0},
 {<<"cowlib">>,
  {git,"https://github.com/ninenines/cowlib",
       {ref,"c6553f8308a2ca5dcd69d845f0a7d098c40c3363"}},
  1},
 {<<"ctx">>,{pkg,<<"ctx">>,<<"0.5.0">>},1},
 {<<"cuttlefish">>,
  {git,"https://github.com/emqx/cuttlefish",
       {ref,"dd28ae9173c56406794daa56e19d7b5f7b6ebbf0"}},
  0},
 {<<"ecpool">>,
  {git,"https://github.com/emqx/ecpool",
       {ref,"a47f6e23bc476ee4c223e5cdc2cad34b9fe38bd2"}},
  0},
 {<<"ekka">>,
  {git,"https://github.com/emqx/ekka",
       {ref,"a1676e0274e2bf59612d056ad1db6588372f3716"}},
  0},
 {<<"eldap2">>,
  {git,"https://github.com/emqx/eldap2",
       {ref,"f595f67b094db3b9dc07941337706621e815431f"}},
  0},
 {<<"emqtt">>,
  {git,"https://github.com/emqx/emqtt",
       {ref,"5c3153914be140ff90bff1e22aa064184bf599ea"}},
  0},
 {<<"epgsql">>,
  {git,"https://github.com/epgsql/epgsql",
       {ref,"895c8f9d53f08d09ec6a0301c56d3d6f270929f2"}},
  0},
 {<<"eredis">>,
  {git,"https://github.com/emqx/eredis",
       {ref,"7726e998a99cb78517c91757c1fbe651c115a1fc"}},
  1},
 {<<"eredis_cluster">>,
  {git,"https://github.com/emqx/eredis_cluster",
       {ref,"7c389bed4bc62e447453270bdd78b35091a01e0e"}},
  0},
 {<<"erlport">>,
  {git,"https://github.com/emqx/erlport",
       {ref,"b4a38b665ca197884b9e54fe5ec49ae27b923f21"}},
  0},
 {<<"esockd">>,
  {git,"https://github.com/emqx/esockd",
       {ref,"d9b9df22c1701f0d5b6e5d2f1ef8fa36af795044"}},
  0},
 {<<"gen_coap">>,
  {git,"https://github.com/emqx/gen_coap",
       {ref,"7a7ca030c82774cdeafa34713d75e0876940b6ba"}},
  0},
 {<<"gen_rpc">>,
  {git,"https://github.com/emqx/gen_rpc",
       {ref,"b21dbf01e720fc8ef60573c05f6014e540461f03"}},
  0},
 {<<"getopt">>,{pkg,<<"getopt">>,<<"1.0.1">>},0},
 {<<"gproc">>,
  {git,"https://github.com/uwiger/gproc",
       {ref,"ce7397809aca0d6eb3aac6db65953752e47fb511"}},
  0},
 {<<"grpcbox">>,
  {git,"https://github.com/tsloughter/grpcbox",
       {ref,"11865a9cf345b54b7d13e6a661ab865786288eea"}},
  0},
 {<<"gun">>,
  {git,"https://github.com/ninenines/gun",
       {ref,"e7dd9f227e46979d8073e71c683395a809b78cb4"}},
  1},
 {<<"hpack">>,{pkg,<<"hpack_erl">>,<<"0.2.3">>},2},
 {<<"jiffy">>,
  {git,"https://github.com/emqx/jiffy",
       {ref,"baa1f4e750ae3c5c9e54f9c2e52280b7fc24a8d9"}},
  0},
 {<<"jsx">>,
  {git,"https://github.com/talentdeficit/jsx",
       {ref,"fc2a001073f2300ba38427c23e83d5673c020542"}},
  1},
 {<<"jwerl">>,
  {git,"https://github.com/emqx/jwerl.git",
       {ref,"2753a21bae9ecdea7f42f4494ff86b9e07596e41"}},
  0},
 {<<"luerl">>,
  {git,"https://github.com/emqx/luerl",
       {ref,"3ad61af443c895cda647ba9afe3822c9c38ed671"}},
  0},
 {<<"lwm2m_coap">>,
  {git,"https://github.com/emqx/lwm2m-coap",
       {ref,"7d32bd87b61750c78c0d12a84bb3cd3eeadc45f3"}},
  0},
 {<<"minirest">>,
  {git,"https://github.com/emqx/minirest",
       {ref,"a7d33639706668111acf4f51fc13b4136cf7154a"}},
  0},
 {<<"mongodb">>,
  {git,"https://github.com/emqx/mongodb-erlang",
       {ref,"dea582e9c257b41f49a4d0c854191ca5e4bf8ccc"}},
  0},
 {<<"mysql">>,
  {git,"https://github.com/emqx/mysql-otp",
       {ref,"70754ce2bdff3a420345dec1d5e0a7b46f730e13"}},
  0},
 {<<"pbkdf2">>,
  {git,"https://github.com/emqx/erlang-pbkdf2.git",
       {ref,"0b105c7b29cee6557fb22ccf8badab44817d27db"}},
  0},
 {<<"poolboy">>,
  {git,"https://github.com/devinus/poolboy.git",
       {ref,"3bb48a893ff5598f7c73731ac17545206d259fac"}},
  1},
 {<<"prometheus">>,
  {git,"https://github.com/emqx/prometheus.erl",
       {ref,"a41488df09472448057d264ef520cf2f71d925f8"}},
  0},
 {<<"ranch">>,
  {git,"https://github.com/ninenines/ranch",
       {ref,"3190aef88aea04d6dce8545fe9b4574288903f44"}},
  1},
 {<<"recon">>,
  {git,"https://github.com/ferd/recon",
       {ref,"a1551ddaf4ec2982a0e1451d5fea635b07243dee"}},
  0},
 {<<"replayq">>,
  {git,"https://github.com/emqx/replayq",
       {ref,"8907ee3ade5c50ff4f496f361ca8b48102ead153"}},
  0},
 {<<"rulesql">>,
  {git,"https://github.com/emqx/rulesql",
       {ref,"b90b5aef6ce990b424f0f3ac8b6a9273f12f0730"}},
  0},
 {<<"ssl_verify_fun">>,
  {git,"https://github.com/deadtrickster/ssl_verify_fun.erl.git",
       {ref,"c5718226b0b9f3d1a38ef6ca3c3b4c75f53dda92"}},
  1}]}.
[
{pkg_hash,[
 {<<"acceptor_pool">>, <<"43C20D2ACAE35F0C2BCD64F9D2BDE267E459F0F3FD23DAB26485BF518C281B21">>},
 {<<"chatterbox">>, <<"843557EE729B04B3C1BDAC33FB162DAEFDBF4F7AE0AF0BDC055FB16E91E057E3">>},
 {<<"ctx">>, <<"78E0F16712E12D707A7F34277381B8E193D7C71EAA24D37330DC02477C09EDA5">>},
 {<<"getopt">>, <<"C73A9FA687B217F2FF79F68A3B637711BB1936E712B521D8CE466B29CBF7808A">>},
 {<<"hpack">>, <<"17670F83FF984AE6CD74B1C456EDDE906D27FF013740EE4D9EFAA4F1BF999633">>}]}
].
