[{<<"esockd">>,
  {git,"https://github.com/emqtt/esockd",
       {ref,"87d0d3b672e0f25e474f5f8298da568cbb6b168a"}},
  0},
 {<<"gen_logger">>,
  {git,"https://github.com/emqtt/gen_logger.git",
       {ref,"f6e9f2f373d99f41ffe0579ab5a5f3b19472c9c5"}},
  1},
 {<<"goldrush">>,
  {git,"https://github.com/basho/goldrush.git",
       {ref,"8f1b715d36b650ec1e1f5612c00e28af6ab0de82"}},
  1},
 {<<"gproc">>,
  {git,"https://github.com/uwiger/gproc",
       {ref,"01c8fbfdd5e4701e8e4b57b0c8279872f9574b0b"}},
  0},
 {<<"lager">>,
  {git,"https://github.com/basho/lager",
       {ref,"81eaef0ce98fdbf64ab95665e3bc2ec4b24c7dac"}},
  0},
 {<<"lager_syslog">>,
  {git,"https://github.com/basho/lager_syslog",
       {ref,"126dd0284fcac9b01613189a82facf8d803411a2"}},
  0},
 {<<"mochiweb">>,
  {git,"https://github.com/emqtt/mochiweb",
       {ref,"c75d88e451b4fe26580a58223f645d99482f51af"}},
  0},
 {<<"pbkdf2">>,
  {git,"https://github.com/comtihon/erlang-pbkdf2.git",
       {ref,"7076584f5377e98600a7e2cb81980b2992fb2f71"}},
  0},
 {<<"syslog">>,
  {git,"git://github.com/Vagabond/erlang-syslog",
       {ref,"0e4f0e95c361af298c5d1d17ceccfa831efc036d"}},
  1}].
